<?xml version="1.0" encoding="UTF-8" standalone="yes" ?>
<CodeBlocks_project_file>
	<FileVersion major="1" minor="6" />
	<Project>
		<Option title="Sprawdz_plec_po_imieniu" />
		<Option pch_mode="2" />
		<Option compiler="gcc" />
		<Build>
			<Target title="Debug">
				<Option output="bin/Debug/Sprawdz_plec_po_imieniu" prefix_auto="1" extension_auto="1" />
				<Option object_output="obj/Debug/" />
				<Option type="1" />
				<Option compiler="gcc" />
				<Compiler>
					<Add option="-g" />
				</Compiler>
			</Target>
			<Target title="Release">
				<Option output="bin/Release/Sprawdz_plec_po_imieniu" prefix_auto="1" extension_auto="1" />
				<Option object_output="obj/Release/" />
				<Option type="1" />
				<Option compiler="gcc" />
				<Compiler>
					<Add option="-O2" />
				</Compiler>
				<Linker>
					<Add option="-s" />
				</Linker>
			</Target>
		</Build>
		<Compiler>
			<Add option="-Wall" />
			<Add option="-fexceptions" />
		</Compiler>
		<Unit filename="C:/Users/MyComp/Desktop/Sprawdż płeć po imeniu/ManName_ansi.txt" />
		<Unit filename="C:/Users/MyComp/Desktop/Sprawdż płeć po imeniu/ManName_utf.txt" />
		<Unit filename="C:/Users/MyComp/Desktop/Sprawdż płeć po imeniu/WomanName_ansi.txt" />
		<Unit filename="C:/Users/MyComp/Desktop/Sprawdż płeć po imeniu/WomanName_utf.txt" />
		<Unit filename="main.cpp" />
		<Extensions>
			<code_completion />
			<envvars />
			<debugger />
		</Extensions>
	</Project>
</CodeBlocks_project_file>
